// !$*UTF8*$!
{
	archiveVersion = 1;
	classes = {
	};
	objectVersion = 50;
	objects = {

/* Begin PBXBuildFile section */
		2D44ECA024D102EA00A6ABC1 /* UserNotifications.framework in Frameworks */ = {isa = PBXBuildFile; fileRef = 2D44EC9F24D102EA00A6ABC1 /* UserNotifications.framework */; };
		2D44ECA224D102F400A6ABC1 /* PushKit.framework in Frameworks */ = {isa = PBXBuildFile; fileRef = 2D44ECA124D102F400A6ABC1 /* PushKit.framework */; };
		2D6D78AF23FE7F3800CC4C25 /* AppDelegate.swift in Sources */ = {isa = PBXBuildFile; fileRef = 2D6D78AE23FE7F3800CC4C25 /* AppDelegate.swift */; };
		2D6D78B123FE7F3800CC4C25 /* LoginViewController.swift in Sources */ = {isa = PBXBuildFile; fileRef = 2D6D78B023FE7F3800CC4C25 /* LoginViewController.swift */; };
		2D6D78B423FE7F3800CC4C25 /* Main.storyboard in Resources */ = {isa = PBXBuildFile; fileRef = 2D6D78B223FE7F3800CC4C25 /* Main.storyboard */; };
		2D6D78B623FE7F3900CC4C25 /* Assets.xcassets in Resources */ = {isa = PBXBuildFile; fileRef = 2D6D78B523FE7F3900CC4C25 /* Assets.xcassets */; };
		2D6D78B923FE7F3900CC4C25 /* LaunchScreen.storyboard in Resources */ = {isa = PBXBuildFile; fileRef = 2D6D78B723FE7F3900CC4C25 /* LaunchScreen.storyboard */; };
		2D6D78C1240652AE00CC4C25 /* String+parseJSON.swift in Sources */ = {isa = PBXBuildFile; fileRef = 2D6D78C0240652AE00CC4C25 /* String+parseJSON.swift */; };
		2D8A0C7324D2D206002BA6B2 /* WebViewController.swift in Sources */ = {isa = PBXBuildFile; fileRef = 2D8A0C7224D2D206002BA6B2 /* WebViewController.swift */; };
/* End PBXBuildFile section */

/* Begin PBXFileReference section */
		2D44EC9F24D102EA00A6ABC1 /* UserNotifications.framework */ = {isa = PBXFileReference; lastKnownFileType = wrapper.framework; name = UserNotifications.framework; path = System/Library/Frameworks/UserNotifications.framework; sourceTree = SDKROOT; };
		2D44ECA124D102F400A6ABC1 /* PushKit.framework */ = {isa = PBXFileReference; lastKnownFileType = wrapper.framework; name = PushKit.framework; path = System/Library/Frameworks/PushKit.framework; sourceTree = SDKROOT; };
		2D6D78AB23FE7F3800CC4C25 /* mobilesis.app */ = {isa = PBXFileReference; explicitFileType = wrapper.application; includeInIndex = 0; path = mobilesis.app; sourceTree = BUILT_PRODUCTS_DIR; };
		2D6D78AE23FE7F3800CC4C25 /* AppDelegate.swift */ = {isa = PBXFileReference; lastKnownFileType = sourcecode.swift; path = AppDelegate.swift; sourceTree = "<group>"; };
		2D6D78B023FE7F3800CC4C25 /* LoginViewController.swift */ = {isa = PBXFileReference; lastKnownFileType = sourcecode.swift; path = LoginViewController.swift; sourceTree = "<group>"; };
		2D6D78B323FE7F3800CC4C25 /* Base */ = {isa = PBXFileReference; lastKnownFileType = file.storyboard; name = Base; path = Base.lproj/Main.storyboard; sourceTree = "<group>"; };
		2D6D78B523FE7F3900CC4C25 /* Assets.xcassets */ = {isa = PBXFileReference; lastKnownFileType = folder.assetcatalog; path = Assets.xcassets; sourceTree = "<group>"; };
		2D6D78B823FE7F3900CC4C25 /* Base */ = {isa = PBXFileReference; lastKnownFileType = file.storyboard; name = Base; path = Base.lproj/LaunchScreen.storyboard; sourceTree = "<group>"; };
		2D6D78BA23FE7F3900CC4C25 /* Info.plist */ = {isa = PBXFileReference; lastKnownFileType = text.plist.xml; path = Info.plist; sourceTree = "<group>"; };
		2D6D78C0240652AE00CC4C25 /* String+parseJSON.swift */ = {isa = PBXFileReference; lastKnownFileType = sourcecode.swift; path = "String+parseJSON.swift"; sourceTree = "<group>"; };
		2D8A0C7224D2D206002BA6B2 /* WebViewController.swift */ = {isa = PBXFileReference; lastKnownFileType = sourcecode.swift; path = WebViewController.swift; sourceTree = "<group>"; };
		2DEE9CB624D019E4001E30C2 /* mobilesis.entitlements */ = {isa = PBXFileReference; lastKnownFileType = text.plist.entitlements; path = mobilesis.entitlements; sourceTree = "<group>"; };
/* End PBXFileReference section */

/* Begin PBXFrameworksBuildPhase section */
		2D6D78A823FE7F3800CC4C25 /* Frameworks */ = {
			isa = PBXFrameworksBuildPhase;
			buildActionMask = 2147483647;
			files = (
				2D44ECA224D102F400A6ABC1 /* PushKit.framework in Frameworks */,
				2D44ECA024D102EA00A6ABC1 /* UserNotifications.framework in Frameworks */,
			);
			runOnlyForDeploymentPostprocessing = 0;
		};
/* End PBXFrameworksBuildPhase section */

/* Begin PBXGroup section */
		2D44EC9E24D102EA00A6ABC1 /* Frameworks */ = {
			isa = PBXGroup;
			children = (
				2D44ECA124D102F400A6ABC1 /* PushKit.framework */,
				2D44EC9F24D102EA00A6ABC1 /* UserNotifications.framework */,
			);
			name = Frameworks;
			sourceTree = "<group>";
		};
		2D6D78A223FE7F3800CC4C25 = {
			isa = PBXGroup;
			children = (
				2D6D78AD23FE7F3800CC4C25 /* mobilesis */,
				2D44EC9E24D102EA00A6ABC1 /* Frameworks */,
			);
			sourceTree = "<group>";
		};
		2D6D78AC23FE7F3800CC4C25 /* Products */ = {
			isa = PBXGroup;
			children = (
				2D6D78AB23FE7F3800CC4C25 /* mobilesis.app */,
			);
			name = Products;
			path = ..;
			sourceTree = "<group>";
		};
		2D6D78AD23FE7F3800CC4C25 /* mobilesis */ = {
			isa = PBXGroup;
			children = (
				2DEE9CB624D019E4001E30C2 /* mobilesis.entitlements */,
				2D6D78AE23FE7F3800CC4C25 /* AppDelegate.swift */,
				2D6D78C0240652AE00CC4C25 /* String+parseJSON.swift */,
				2D6D78B223FE7F3800CC4C25 /* Main.storyboard */,
				2D6D78B523FE7F3900CC4C25 /* Assets.xcassets */,
				2D6D78B723FE7F3900CC4C25 /* LaunchScreen.storyboard */,
				2D6D78BA23FE7F3900CC4C25 /* Info.plist */,
				2D6D78B023FE7F3800CC4C25 /* LoginViewController.swift */,
				2D8A0C7224D2D206002BA6B2 /* WebViewController.swift */,
				2D6D78AC23FE7F3800CC4C25 /* Products */,
			);
			path = mobilesis;
			sourceTree = "<group>";
		};
/* End PBXGroup section */

/* Begin PBXNativeTarget section */
		2D6D78AA23FE7F3800CC4C25 /* mobilesis */ = {
			isa = PBXNativeTarget;
			buildConfigurationList = 2D6D78BD23FE7F3900CC4C25 /* Build configuration list for PBXNativeTarget "mobilesis" */;
			buildPhases = (
				2D6D78A723FE7F3800CC4C25 /* Sources */,
				2D6D78A823FE7F3800CC4C25 /* Frameworks */,
				2D6D78A923FE7F3800CC4C25 /* Resources */,
			);
			buildRules = (
			);
			dependencies = (
			);
			name = mobilesis;
			productName = mobilesis;
			productReference = 2D6D78AB23FE7F3800CC4C25 /* mobilesis.app */;
			productType = "com.apple.product-type.application";
		};
/* End PBXNativeTarget section */

/* Begin PBXProject section */
		2D6D78A323FE7F3800CC4C25 /* Project object */ = {
			isa = PBXProject;
			attributes = {
				LastSwiftUpdateCheck = 1000;
				LastUpgradeCheck = 1250;
				ORGANIZATIONNAME = "서울신문사";
				TargetAttributes = {
					2D6D78AA23FE7F3800CC4C25 = {
						CreatedOnToolsVersion = 10.0;
						LastSwiftMigration = 1250;
						SystemCapabilities = {
							com.apple.Push = {
								enabled = 1;
							};
						};
					};
				};
			};
			buildConfigurationList = 2D6D78A623FE7F3800CC4C25 /* Build configuration list for PBXProject "mobilesis" */;
			compatibilityVersion = "Xcode 9.3";
			developmentRegion = en;
			hasScannedForEncodings = 0;
			knownRegions = (
				en,
				Base,
			);
			mainGroup = 2D6D78A223FE7F3800CC4C25;
			productRefGroup = 2D6D78AC23FE7F3800CC4C25 /* Products */;
			projectDirPath = "";
			projectRoot = "";
			targets = (
				2D6D78AA23FE7F3800CC4C25 /* mobilesis */,
			);
		};
/* End PBXProject section */

/* Begin PBXResourcesBuildPhase section */
		2D6D78A923FE7F3800CC4C25 /* Resources */ = {
			isa = PBXResourcesBuildPhase;
			buildActionMask = 2147483647;
			files = (
				2D6D78B923FE7F3900CC4C25 /* LaunchScreen.storyboard in Resources */,
				2D6D78B623FE7F3900CC4C25 /* Assets.xcassets in Resources */,
				2D6D78B423FE7F3800CC4C25 /* Main.storyboard in Resources */,
			);
			runOnlyForDeploymentPostprocessing = 0;
		};
/* End PBXResourcesBuildPhase section */

/* Begin PBXSourcesBuildPhase section */
		2D6D78A723FE7F3800CC4C25 /* Sources */ = {
			isa = PBXSourcesBuildPhase;
			buildActionMask = 2147483647;
			files = (
				2D6D78C1240652AE00CC4C25 /* String+parseJSON.swift in Sources */,
				2D6D78B123FE7F3800CC4C25 /* LoginViewController.swift in Sources */,
				2D6D78AF23FE7F3800CC4C25 /* AppDelegate.swift in Sources */,
				2D8A0C7324D2D206002BA6B2 /* WebViewController.swift in Sources */,
			);
			runOnlyForDeploymentPostprocessing = 0;
		};
/* End PBXSourcesBuildPhase section */

/* Begin PBXVariantGroup section */
		2D6D78B223FE7F3800CC4C25 /* Main.storyboard */ = {
			isa = PBXVariantGroup;
			children = (
				2D6D78B323FE7F3800CC4C25 /* Base */,
			);
			name = Main.storyboard;
			sourceTree = "<group>";
		};
		2D6D78B723FE7F3900CC4C25 /* LaunchScreen.storyboard */ = {
			isa = PBXVariantGroup;
			children = (
				2D6D78B823FE7F3900CC4C25 /* Base */,
			);
			name = LaunchScreen.storyboard;
			sourceTree = "<group>";
		};
/* End PBXVariantGroup section */

/* Begin XCBuildConfiguration section */
		2D6D78BB23FE7F3900CC4C25 /* Debug */ = {
			isa = XCBuildConfiguration;
			buildSettings = {
				ALWAYS_SEARCH_USER_PATHS = NO;
				CLANG_ANALYZER_NONNULL = YES;
				CLANG_ANALYZER_NUMBER_OBJECT_CONVERSION = YES_AGGRESSIVE;
				CLANG_CXX_LANGUAGE_STANDARD = "gnu++14";
				CLANG_CXX_LIBRARY = "libc++";
				CLANG_ENABLE_MODULES = YES;
				CLANG_ENABLE_OBJC_ARC = YES;
				CLANG_ENABLE_OBJC_WEAK = YES;
				CLANG_WARN_BLOCK_CAPTURE_AUTORELEASING = YES;
				CLANG_WARN_BOOL_CONVERSION = YES;
				CLANG_WARN_COMMA = YES;
				CLANG_WARN_CONSTANT_CONVERSION = YES;
				CLANG_WARN_DEPRECATED_OBJC_IMPLEMENTATIONS = YES;
				CLANG_WARN_DIRECT_OBJC_ISA_USAGE = YES_ERROR;
				CLANG_WARN_DOCUMENTATION_COMMENTS = YES;
				CLANG_WARN_EMPTY_BODY = YES;
				CLANG_WARN_ENUM_CONVERSION = YES;
				CLANG_WARN_INFINITE_RECURSION = YES;
				CLANG_WARN_INT_CONVERSION = YES;
				CLANG_WARN_NON_LITERAL_NULL_CONVERSION = YES;
				CLANG_WARN_OBJC_IMPLICIT_RETAIN_SELF = YES;
				CLANG_WARN_OBJC_LITERAL_CONVERSION = YES;
				CLANG_WARN_OBJC_ROOT_CLASS = YES_ERROR;
				CLANG_WARN_QUOTED_INCLUDE_IN_FRAMEWORK_HEADER = YES;
				CLANG_WARN_RANGE_LOOP_ANALYSIS = YES;
				CLANG_WARN_STRICT_PROTOTYPES = YES;
				CLANG_WARN_SUSPICIOUS_MOVE = YES;
				CLANG_WARN_UNGUARDED_AVAILABILITY = YES_AGGRESSIVE;
				CLANG_WARN_UNREACHABLE_CODE = YES;
				CLANG_WARN__DUPLICATE_METHOD_MATCH = YES;
				CODE_SIGN_IDENTITY = "iPhone Developer";
				COPY_PHASE_STRIP = NO;
				DEBUG_INFORMATION_FORMAT = dwarf;
				ENABLE_STRICT_OBJC_MSGSEND = YES;
				ENABLE_TESTABILITY = YES;
				GCC_C_LANGUAGE_STANDARD = gnu11;
				GCC_DYNAMIC_NO_PIC = NO;
				GCC_NO_COMMON_BLOCKS = YES;
				GCC_OPTIMIZATION_LEVEL = 0;
				GCC_PREPROCESSOR_DEFINITIONS = (
					"DEBUG=1",
					"$(inherited)",
				);
				GCC_WARN_64_TO_32_BIT_CONVERSION = YES;
				GCC_WARN_ABOUT_RETURN_TYPE = YES_ERROR;
				GCC_WARN_UNDECLARED_SELECTOR = YES;
				GCC_WARN_UNINITIALIZED_AUTOS = YES_AGGRESSIVE;
				GCC_WARN_UNUSED_FUNCTION = YES;
				GCC_WARN_UNUSED_VARIABLE = YES;
				IPHONEOS_DEPLOYMENT_TARGET = 14.5;
				MTL_ENABLE_DEBUG_INFO = INCLUDE_SOURCE;
				MTL_FAST_MATH = YES;
				ONLY_ACTIVE_ARCH = YES;
				SDKROOT = iphoneos;
				SWIFT_ACTIVE_COMPILATION_CONDITIONS = DEBUG;
				SWIFT_OPTIMIZATION_LEVEL = "-Onone";
			};
			name = Debug;
		};
		2D6D78BC23FE7F3900CC4C25 /* Release */ = {
			isa = XCBuildConfiguration;
			buildSettings = {
				ALWAYS_SEARCH_USER_PATHS = NO;
				CLANG_ANALYZER_NONNULL = YES;
				CLANG_ANALYZER_NUMBER_OBJECT_CONVERSION = YES_AGGRESSIVE;
				CLANG_CXX_LANGUAGE_STANDARD = "gnu++14";
				CLANG_CXX_LIBRARY = "libc++";
				CLANG_ENABLE_MODULES = YES;
				CLANG_ENABLE_OBJC_ARC = YES;
				CLANG_ENABLE_OBJC_WEAK = YES;
				CLANG_WARN_BLOCK_CAPTURE_AUTORELEASING = YES;
				CLANG_WARN_BOOL_CONVERSION = YES;
				CLANG_WARN_COMMA = YES;
				CLANG_WARN_CONSTANT_CONVERSION = YES;
				CLANG_WARN_DEPRECATED_OBJC_IMPLEMENTATIONS = YES;
				CLANG_WARN_DIRECT_OBJC_ISA_USAGE = YES_ERROR;
				CLANG_WARN_DOCUMENTATION_COMMENTS = YES;
				CLANG_WARN_EMPTY_BODY = YES;
				CLANG_WARN_ENUM_CONVERSION = YES;
				CLANG_WARN_INFINITE_RECURSION = YES;
				CLANG_WARN_INT_CONVERSION = YES;
				CLANG_WARN_NON_LITERAL_NULL_CONVERSION = YES;
				CLANG_WARN_OBJC_IMPLICIT_RETAIN_SELF = YES;
				CLANG_WARN_OBJC_LITERAL_CONVERSION = YES;
				CLANG_WARN_OBJC_ROOT_CLASS = YES_ERROR;
				CLANG_WARN_QUOTED_INCLUDE_IN_FRAMEWORK_HEADER = YES;
				CLANG_WARN_RANGE_LOOP_ANALYSIS = YES;
				CLANG_WARN_STRICT_PROTOTYPES = YES;
				CLANG_WARN_SUSPICIOUS_MOVE = YES;
				CLANG_WARN_UNGUARDED_AVAILABILITY = YES_AGGRESSIVE;
				CLANG_WARN_UNREACHABLE_CODE = YES;
				CLANG_WARN__DUPLICATE_METHOD_MATCH = YES;
				CODE_SIGN_IDENTITY = "iPhone Developer";
				COPY_PHASE_STRIP = NO;
				DEBUG_INFORMATION_FORMAT = "dwarf-with-dsym";
				ENABLE_NS_ASSERTIONS = NO;
				ENABLE_STRICT_OBJC_MSGSEND = YES;
				GCC_C_LANGUAGE_STANDARD = gnu11;
				GCC_NO_COMMON_BLOCKS = YES;
				GCC_WARN_64_TO_32_BIT_CONVERSION = YES;
				GCC_WARN_ABOUT_RETURN_TYPE = YES_ERROR;
				GCC_WARN_UNDECLARED_SELECTOR = YES;
				GCC_WARN_UNINITIALIZED_AUTOS = YES_AGGRESSIVE;
				GCC_WARN_UNUSED_FUNCTION = YES;
				GCC_WARN_UNUSED_VARIABLE = YES;
				IPHONEOS_DEPLOYMENT_TARGET = 14.5;
				MTL_ENABLE_DEBUG_INFO = NO;
				MTL_FAST_MATH = YES;
				SDKROOT = iphoneos;
				SWIFT_COMPILATION_MODE = wholemodule;
				SWIFT_OPTIMIZATION_LEVEL = "-O";
				VALIDATE_PRODUCT = YES;
			};
			name = Release;
		};
		2D6D78BE23FE7F3900CC4C25 /* Debug */ = {
			isa = XCBuildConfiguration;
			buildSettings = {
				ASSETCATALOG_COMPILER_APPICON_NAME = AppIcon;
				CODE_SIGN_ENTITLEMENTS = mobilesis/mobilesis.entitlements;
				CODE_SIGN_IDENTITY = "Apple Development";
				CODE_SIGN_STYLE = Automatic;
				DEVELOPMENT_TEAM = NFD5XNY7TR;
				INFOPLIST_FILE = mobilesis/Info.plist;
				LD_RUNPATH_SEARCH_PATHS = (
					"$(inherited)",
					"@executable_path/Frameworks",
				);
				MARKETING_VERSION = 2020111901;
				PRODUCT_BUNDLE_IDENTIFIER = kr.co.seoul.sisapp;
				PRODUCT_NAME = "$(TARGET_NAME)";
				PROVISIONING_PROFILE_SPECIFIER = "";
				SWIFT_VERSION = 5.0;
				TARGETED_DEVICE_FAMILY = "1,2";
			};
			name = Debug;
		};
		2D6D78BF23FE7F3900CC4C25 /* Release */ = {
			isa = XCBuildConfiguration;
			buildSettings = {
				ASSETCATALOG_COMPILER_APPICON_NAME = AppIcon;
				CODE_SIGN_ENTITLEMENTS = mobilesis/mobilesis.entitlements;
				CODE_SIGN_IDENTITY = "iPhone Distribution";
				CODE_SIGN_STYLE = Manual;
				DEVELOPMENT_TEAM = NFD5XNY7TR;
				INFOPLIST_FILE = mobilesis/Info.plist;
				LD_RUNPATH_SEARCH_PATHS = (
					"$(inherited)",
					"@executable_path/Frameworks",
				);
				MARKETING_VERSION = 2020111901;
				PRODUCT_BUNDLE_IDENTIFIER = kr.co.seoul.sisapp;
				PRODUCT_NAME = "$(TARGET_NAME)";
				PROVISIONING_PROFILE_SPECIFIER = MobileSIS_Adhoc_push_2015;
				SWIFT_VERSION = 5.0;
				TARGETED_DEVICE_FAMILY = "1,2";
			};
			name = Release;
		};
/* End XCBuildConfiguration section */

/* Begin XCConfigurationList section */
		2D6D78A623FE7F3800CC4C25 /* Build configuration list for PBXProject "mobilesis" */ = {
			isa = XCConfigurationList;
			buildConfigurations = (
				2D6D78BB23FE7F3900CC4C25 /* Debug */,
				2D6D78BC23FE7F3900CC4C25 /* Release */,
			);
			defaultConfigurationIsVisible = 0;
			defaultConfigurationName = Debug;
		};
		2D6D78BD23FE7F3900CC4C25 /* Build configuration list for PBXNativeTarget "mobilesis" */ = {
			isa = XCConfigurationList;
			buildConfigurations = (
				2D6D78BE23FE7F3900CC4C25 /* Debug */,
				2D6D78BF23FE7F3900CC4C25 /* Release */,
			);
			defaultConfigurationIsVisible = 0;
			defaultConfigurationName = Debug;
		};
/* End XCConfigurationList section */
	};
	rootObject = 2D6D78A323FE7F3800CC4C25 /* Project object */;
}
